
Microsoft Visual Studio Solution File, Format Version 12.00
# Visual Studio Version 17
VisualStudioVersion = 17.14.36705.20
MinimumVisualStudioVersion = 10.0.40219.1
Project("{FAE04EC0-301F-11D3-BF4B-00C04F79EFBC}") = "AIForOrcasService", "AIForOrcasService\AIForOrcasService.csproj", "{F9D4B0D1-A29D-4C5C-8C67-76C3BF79F802}"
EndProject
Project("{FAE04EC0-301F-11D3-BF4B-00C04F79EFBC}") = "Inferencer", "Inferencer\Inferencer.csproj", "{3322C304-3145-4A5F-B50B-387E64D89021}"
EndProject
Project("{FAE04EC0-301F-11D3-BF4B-00C04F79EFBC}") = "Predict", "Predict\Predict.csproj", "{F3F9FBD1-8E84-4BFF-8996-BE8ED5503219}"
EndProject
Global
	GlobalSection(SolutionConfigurationPlatforms) = preSolution
		Debug|Any CPU = Debug|Any CPU
		Release|Any CPU = Release|Any CPU
	EndGlobalSection
	GlobalSection(ProjectConfigurationPlatforms) = postSolution
		{F9D4B0D1-A29D-4C5C-8C67-76C3BF79F802}.Debug|Any CPU.ActiveCfg = Debug|Any CPU
		{F9D4B0D1-A29D-4C5C-8C67-76C3BF79F802}.Debug|Any CPU.Build.0 = Debug|Any CPU
		{F9D4B0D1-A29D-4C5C-8C67-76C3BF79F802}.Release|Any CPU.ActiveCfg = Release|Any CPU
		{F9D4B0D1-A29D-4C5C-8C67-76C3BF79F802}.Release|Any CPU.Build.0 = Release|Any CPU
		{3322C304-3145-4A5F-B50B-387E64D89021}.Debug|Any CPU.ActiveCfg = Debug|Any CPU
		{3322C304-3145-4A5F-B50B-387E64D89021}.Debug|Any CPU.Build.0 = Debug|Any CPU
		{3322C304-3145-4A5F-B50B-387E64D89021}.Release|Any CPU.ActiveCfg = Release|Any CPU
		{3322C304-3145-4A5F-B50B-387E64D89021}.Release|Any CPU.Build.0 = Release|Any CPU
		{F3F9FBD1-8E84-4BFF-8996-BE8ED5503219}.Debug|Any CPU.ActiveCfg = Debug|Any CPU
		{F3F9FBD1-8E84-4BFF-8996-BE8ED5503219}.Debug|Any CPU.Build.0 = Debug|Any CPU
		{F3F9FBD1-8E84-4BFF-8996-BE8ED5503219}.Release|Any CPU.ActiveCfg = Release|Any CPU
		{F3F9FBD1-8E84-4BFF-8996-BE8ED5503219}.Release|Any CPU.Build.0 = Release|Any CPU
	EndGlobalSection
	GlobalSection(SolutionProperties) = preSolution
		HideSolutionNode = FALSE
	EndGlobalSection
	GlobalSection(ExtensibilityGlobals) = postSolution
		SolutionGuid = {D3A1227E-FC56-4041-9DEC-B3D0120615A3}
	EndGlobalSection
EndGlobal
